
Microsoft Visual Studio Solution File, Format Version 12.00
# Visual Studio Version 16
VisualStudioVersion = 16.0.30804.86
MinimumVisualStudioVersion = 10.0.40219.1
Project("{9A19103F-16F7-4668-BE54-9A1E7A4F7556}") = "DOSAttacker", "DOS-attacker\DOSAttacker.csproj", "{35042B4E-5AEF-4CEC-9932-7DF199498BAC}"
EndProject
Global
	GlobalSection(SolutionConfigurationPlatforms) = preSolution
		Debug|Any CPU = Debug|Any CPU
		Release|Any CPU = Release|Any CPU
	EndGlobalSection
	GlobalSection(ProjectConfigurationPlatforms) = postSolution
		{35042B4E-5AEF-4CEC-9932-7DF199498BAC}.Debug|Any CPU.ActiveCfg = Debug|Any CPU
		{35042B4E-5AEF-4CEC-9932-7DF199498BAC}.Debug|Any CPU.Build.0 = Debug|Any CPU
		{35042B4E-5AEF-4CEC-9932-7DF199498BAC}.Release|Any CPU.ActiveCfg = Release|Any CPU
		{35042B4E-5AEF-4CEC-9932-7DF199498BAC}.Release|Any CPU.Build.0 = Release|Any CPU
	EndGlobalSection
	GlobalSection(SolutionProperties) = preSolution
		HideSolutionNode = FALSE
	EndGlobalSection
	GlobalSection(ExtensibilityGlobals) = postSolution
		SolutionGuid = {88CF5C68-A8E7-4BA2-9216-8110D6B1AB85}
	EndGlobalSection
EndGlobal
